
Microsoft Visual Studio Solution File, Format Version 12.00
Project("{FAE04EC0-301F-11D3-BF4B-00C04F79EFBC}") = "Serilog.Enrichers.HttpRequest", "src\Serilog.Enrichers.HttpRequest\Serilog.Enrichers.HttpRequest.csproj", "{968AAE51-6FC7-4B3D-8027-0D6ECE68E047}"
EndProject
Global
	GlobalSection(SolutionConfigurationPlatforms) = preSolution
		Debug|Any CPU = Debug|Any CPU
		Release|Any CPU = Release|Any CPU
	EndGlobalSection
	GlobalSection(ProjectConfigurationPlatforms) = postSolution
		{968AAE51-6FC7-4B3D-8027-0D6ECE68E047}.Debug|Any CPU.ActiveCfg = Debug|Any CPU
		{968AAE51-6FC7-4B3D-8027-0D6ECE68E047}.Debug|Any CPU.Build.0 = Debug|Any CPU
		{968AAE51-6FC7-4B3D-8027-0D6ECE68E047}.Release|Any CPU.ActiveCfg = Release|Any CPU
		{968AAE51-6FC7-4B3D-8027-0D6ECE68E047}.Release|Any CPU.Build.0 = Release|Any CPU
	EndGlobalSection
EndGlobal
